// !$*UTF8*$!
{
	archiveVersion = 1;
	classes = {
	};
	objectVersion = 50;
	objects = {

/* Begin PBXBuildFile section */
		37880F3821358E0F00A81E10 /* AppDelegate.swift in Sources */ = {isa = PBXBuildFile; fileRef = 37880F3721358E0F00A81E10 /* AppDelegate.swift */; };
		37880F3A21358E0F00A81E10 /* ViewController.swift in Sources */ = {isa = PBXBuildFile; fileRef = 37880F3921358E0F00A81E10 /* ViewController.swift */; };
		37880F3D21358E0F00A81E10 /* Main.storyboard in Resources */ = {isa = PBXBuildFile; fileRef = 37880F3B21358E0F00A81E10 /* Main.storyboard */; };
		37880F3F21358E1000A81E10 /* Assets.xcassets in Resources */ = {isa = PBXBuildFile; fileRef = 37880F3E21358E1000A81E10 /* Assets.xcassets */; };
		37880F4221358E1000A81E10 /* LaunchScreen.storyboard in Resources */ = {isa = PBXBuildFile; fileRef = 37880F4021358E1000A81E10 /* LaunchScreen.storyboard */; };
		37880F4D21358E1000A81E10 /* tone_generatorTests.swift in Sources */ = {isa = PBXBuildFile; fileRef = 37880F4C21358E1000A81E10 /* tone_generatorTests.swift */; };
/* End PBXBuildFile section */

/* Begin PBXContainerItemProxy section */
		37880F4921358E1000A81E10 /* PBXContainerItemProxy */ = {
			isa = PBXContainerItemProxy;
			containerPortal = 37880F2C21358E0E00A81E10 /* Project object */;
			proxyType = 1;
			remoteGlobalIDString = 37880F3321358E0F00A81E10;
			remoteInfo = "tone generator";
		};
/* End PBXContainerItemProxy section */

/* Begin PBXFileReference section */
		37880F3421358E0F00A81E10 /* tone generator.app */ = {isa = PBXFileReference; explicitFileType = wrapper.application; includeInIndex = 0; path = "tone generator.app"; sourceTree = BUILT_PRODUCTS_DIR; };
		37880F3721358E0F00A81E10 /* AppDelegate.swift */ = {isa = PBXFileReference; lastKnownFileType = sourcecode.swift; path = AppDelegate.swift; sourceTree = "<group>"; };
		37880F3921358E0F00A81E10 /* ViewController.swift */ = {isa = PBXFileReference; lastKnownFileType = sourcecode.swift; path = ViewController.swift; sourceTree = "<group>"; };
		37880F3C21358E0F00A81E10 /* Base */ = {isa = PBXFileReference; lastKnownFileType = file.storyboard; name = Base; path = Base.lproj/Main.storyboard; sourceTree = "<group>"; };
		37880F3E21358E1000A81E10 /* Assets.xcassets */ = {isa = PBXFileReference; lastKnownFileType = folder.assetcatalog; path = Assets.xcassets; sourceTree = "<group>"; };
		37880F4121358E1000A81E10 /* Base */ = {isa = PBXFileReference; lastKnownFileType = file.storyboard; name = Base; path = Base.lproj/LaunchScreen.storyboard; sourceTree = "<group>"; };
		37880F4321358E1000A81E10 /* Info.plist */ = {isa = PBXFileReference; lastKnownFileType = text.plist.xml; path = Info.plist; sourceTree = "<group>"; };
		37880F4821358E1000A81E10 /* tone generatorTests.xctest */ = {isa = PBXFileReference; explicitFileType = wrapper.cfbundle; includeInIndex = 0; path = "tone generatorTests.xctest"; sourceTree = BUILT_PRODUCTS_DIR; };
		37880F4C21358E1000A81E10 /* tone_generatorTests.swift */ = {isa = PBXFileReference; lastKnownFileType = sourcecode.swift; path = tone_generatorTests.swift; sourceTree = "<group>"; };
		37880F4E21358E1000A81E10 /* Info.plist */ = {isa = PBXFileReference; lastKnownFileType = text.plist.xml; path = Info.plist; sourceTree = "<group>"; };
/* End PBXFileReference section */

/* Begin PBXFrameworksBuildPhase section */
		37880F3121358E0F00A81E10 /* Frameworks */ = {
			isa = PBXFrameworksBuildPhase;
			buildActionMask = 2147483647;
			files = (
			);
			runOnlyForDeploymentPostprocessing = 0;
		};
		37880F4521358E1000A81E10 /* Frameworks */ = {
			isa = PBXFrameworksBuildPhase;
			buildActionMask = 2147483647;
			files = (
			);
			runOnlyForDeploymentPostprocessing = 0;
		};
/* End PBXFrameworksBuildPhase section */

/* Begin PBXGroup section */
		37880F2B21358E0E00A81E10 = {
			isa = PBXGroup;
			children = (
				37880F3621358E0F00A81E10 /* tone generator */,
				37880F4B21358E1000A81E10 /* tone generatorTests */,
				37880F3521358E0F00A81E10 /* Products */,
			);
			sourceTree = "<group>";
		};
		37880F3521358E0F00A81E10 /* Products */ = {
			isa = PBXGroup;
			children = (
				37880F3421358E0F00A81E10 /* tone generator.app */,
				37880F4821358E1000A81E10 /* tone generatorTests.xctest */,
			);
			name = Products;
			sourceTree = "<group>";
		};
		37880F3621358E0F00A81E10 /* tone generator */ = {
			isa = PBXGroup;
			children = (
				37880F3721358E0F00A81E10 /* AppDelegate.swift */,
				37880F3921358E0F00A81E10 /* ViewController.swift */,
				37880F3B21358E0F00A81E10 /* Main.storyboard */,
				37880F3E21358E1000A81E10 /* Assets.xcassets */,
				37880F4021358E1000A81E10 /* LaunchScreen.storyboard */,
				37880F4321358E1000A81E10 /* Info.plist */,
			);
			path = "tone generator";
			sourceTree = "<group>";
		};
		37880F4B21358E1000A81E10 /* tone generatorTests */ = {
			isa = PBXGroup;
			children = (
				37880F4C21358E1000A81E10 /* tone_generatorTests.swift */,
				37880F4E21358E1000A81E10 /* Info.plist */,
			);
			path = "tone generatorTests";
			sourceTree = "<group>";
		};
/* End PBXGroup section */

/* Begin PBXNativeTarget section */
		37880F3321358E0F00A81E10 /* tone generator */ = {
			isa = PBXNativeTarget;
			buildConfigurationList = 37880F5121358E1000A81E10 /* Build configuration list for PBXNativeTarget "tone generator" */;
			buildPhases = (
				37880F3021358E0F00A81E10 /* Sources */,
				37880F3121358E0F00A81E10 /* Frameworks */,
				37880F3221358E0F00A81E10 /* Resources */,
			);
			buildRules = (
			);
			dependencies = (
			);
			name = "tone generator";
			productName = "tone generator";
			productReference = 37880F3421358E0F00A81E10 /* tone generator.app */;
			productType = "com.apple.product-type.application";
		};
		37880F4721358E1000A81E10 /* tone generatorTests */ = {
			isa = PBXNativeTarget;
			buildConfigurationList = 37880F5421358E1000A81E10 /* Build configuration list for PBXNativeTarget "tone generatorTests" */;
			buildPhases = (
				37880F4421358E1000A81E10 /* Sources */,
				37880F4521358E1000A81E10 /* Frameworks */,
				37880F4621358E1000A81E10 /* Resources */,
			);
			buildRules = (
			);
			dependencies = (
				37880F4A21358E1000A81E10 /* PBXTargetDependency */,
			);
			name = "tone generatorTests";
			productName = "tone generatorTests";
			productReference = 37880F4821358E1000A81E10 /* tone generatorTests.xctest */;
			productType = "com.apple.product-type.bundle.unit-test";
		};
/* End PBXNativeTarget section */

/* Begin PBXProject section */
		37880F2C21358E0E00A81E10 /* Project object */ = {
			isa = PBXProject;
			attributes = {
				LastSwiftUpdateCheck = 0940;
				LastUpgradeCheck = 0940;
				ORGANIZATIONNAME = "Yoshua Elmaryono";
				TargetAttributes = {
					37880F3321358E0F00A81E10 = {
						CreatedOnToolsVersion = 9.4.1;
					};
					37880F4721358E1000A81E10 = {
						CreatedOnToolsVersion = 9.4.1;
						TestTargetID = 37880F3321358E0F00A81E10;
					};
				};
			};
			buildConfigurationList = 37880F2F21358E0E00A81E10 /* Build configuration list for PBXProject "tone generator" */;
			compatibilityVersion = "Xcode 9.3";
			developmentRegion = en;
			hasScannedForEncodings = 0;
			knownRegions = (
				en,
				Base,
			);
			mainGroup = 37880F2B21358E0E00A81E10;
			productRefGroup = 37880F3521358E0F00A81E10 /* Products */;
			projectDirPath = "";
			projectRoot = "";
			targets = (
				37880F3321358E0F00A81E10 /* tone generator */,
				37880F4721358E1000A81E10 /* tone generatorTests */,
			);
		};
/* End PBXProject section */

/* Begin PBXResourcesBuildPhase section */
		37880F3221358E0F00A81E10 /* Resources */ = {
			isa = PBXResourcesBuildPhase;
			buildActionMask = 2147483647;
			files = (
				37880F4221358E1000A81E10 /* LaunchScreen.storyboard in Resources */,
				37880F3F21358E1000A81E10 /* Assets.xcassets in Resources */,
				37880F3D21358E0F00A81E10 /* Main.storyboard in Resources */,
			);
			runOnlyForDeploymentPostprocessing = 0;
		};
		37880F4621358E1000A81E10 /* Resources */ = {
			isa = PBXResourcesBuildPhase;
			buildActionMask = 2147483647;
			files = (
			);
			runOnlyForDeploymentPostprocessing = 0;
		};
/* End PBXResourcesBuildPhase section */

/* Begin PBXSourcesBuildPhase section */
		37880F3021358E0F00A81E10 /* Sources */ = {
			isa = PBXSourcesBuildPhase;
			buildActionMask = 2147483647;
			files = (
				37880F3A21358E0F00A81E10 /* ViewController.swift in Sources */,
				37880F3821358E0F00A81E10 /* AppDelegate.swift in Sources */,
			);
			runOnlyForDeploymentPostprocessing = 0;
		};
		37880F4421358E1000A81E10 /* Sources */ = {
			isa = PBXSourcesBuildPhase;
			buildActionMask = 2147483647;
			files = (
				37880F4D21358E1000A81E10 /* tone_generatorTests.swift in Sources */,
			);
			runOnlyForDeploymentPostprocessing = 0;
		};
/* End PBXSourcesBuildPhase section */

/* Begin PBXTargetDependency section */
		37880F4A21358E1000A81E10 /* PBXTargetDependency */ = {
			isa = PBXTargetDependency;
			target = 37880F3321358E0F00A81E10 /* tone generator */;
			targetProxy = 37880F4921358E1000A81E10 /* PBXContainerItemProxy */;
		};
/* End PBXTargetDependency section */

/* Begin PBXVariantGroup section */
		37880F3B21358E0F00A81E10 /* Main.storyboard */ = {
			isa = PBXVariantGroup;
			children = (
				37880F3C21358E0F00A81E10 /* Base */,
			);
			name = Main.storyboard;
			sourceTree = "<group>";
		};
		37880F4021358E1000A81E10 /* LaunchScreen.storyboard */ = {
			isa = PBXVariantGroup;
			children = (
				37880F4121358E1000A81E10 /* Base */,
			);
			name = LaunchScreen.storyboard;
			sourceTree = "<group>";
		};
/* End PBXVariantGroup section */

/* Begin XCBuildConfiguration section */
		37880F4F21358E1000A81E10 /* Debug */ = {
			isa = XCBuildConfiguration;
			buildSettings = {
				ALWAYS_SEARCH_USER_PATHS = NO;
				CLANG_ANALYZER_NONNULL = YES;
				CLANG_ANALYZER_NUMBER_OBJECT_CONVERSION = YES_AGGRESSIVE;
				CLANG_CXX_LANGUAGE_STANDARD = "gnu++14";
				CLANG_CXX_LIBRARY = "libc++";
				CLANG_ENABLE_MODULES = YES;
				CLANG_ENABLE_OBJC_ARC = YES;
				CLANG_ENABLE_OBJC_WEAK = YES;
				CLANG_WARN_BLOCK_CAPTURE_AUTORELEASING = YES;
				CLANG_WARN_BOOL_CONVERSION = YES;
				CLANG_WARN_COMMA = YES;
				CLANG_WARN_CONSTANT_CONVERSION = YES;
				CLANG_WARN_DEPRECATED_OBJC_IMPLEMENTATIONS = YES;
				CLANG_WARN_DIRECT_OBJC_ISA_USAGE = YES_ERROR;
				CLANG_WARN_DOCUMENTATION_COMMENTS = YES;
				CLANG_WARN_EMPTY_BODY = YES;
				CLANG_WARN_ENUM_CONVERSION = YES;
				CLANG_WARN_INFINITE_RECURSION = YES;
				CLANG_WARN_INT_CONVERSION = YES;
				CLANG_WARN_NON_LITERAL_NULL_CONVERSION = YES;
				CLANG_WARN_OBJC_IMPLICIT_RETAIN_SELF = YES;
				CLANG_WARN_OBJC_LITERAL_CONVERSION = YES;
				CLANG_WARN_OBJC_ROOT_CLASS = YES_ERROR;
				CLANG_WARN_RANGE_LOOP_ANALYSIS = YES;
				CLANG_WARN_STRICT_PROTOTYPES = YES;
				CLANG_WARN_SUSPICIOUS_MOVE = YES;
				CLANG_WARN_UNGUARDED_AVAILABILITY = YES_AGGRESSIVE;
				CLANG_WARN_UNREACHABLE_CODE = YES;
				CLANG_WARN__DUPLICATE_METHOD_MATCH = YES;
				CODE_SIGN_IDENTITY = "iPhone Developer";
				COPY_PHASE_STRIP = NO;
				DEBUG_INFORMATION_FORMAT = dwarf;
				ENABLE_STRICT_OBJC_MSGSEND = YES;
				ENABLE_TESTABILITY = YES;
				GCC_C_LANGUAGE_STANDARD = gnu11;
				GCC_DYNAMIC_NO_PIC = NO;
				GCC_NO_COMMON_BLOCKS = YES;
				GCC_OPTIMIZATION_LEVEL = 0;
				GCC_PREPROCESSOR_DEFINITIONS = (
					"DEBUG=1",
					"$(inherited)",
				);
				GCC_WARN_64_TO_32_BIT_CONVERSION = YES;
				GCC_WARN_ABOUT_RETURN_TYPE = YES_ERROR;
				GCC_WARN_UNDECLARED_SELECTOR = YES;
				GCC_WARN_UNINITIALIZED_AUTOS = YES_AGGRESSIVE;
				GCC_WARN_UNUSED_FUNCTION = YES;
				GCC_WARN_UNUSED_VARIABLE = YES;
				IPHONEOS_DEPLOYMENT_TARGET = 11.4;
				MTL_ENABLE_DEBUG_INFO = YES;
				ONLY_ACTIVE_ARCH = YES;
				SDKROOT = iphoneos;
				SWIFT_ACTIVE_COMPILATION_CONDITIONS = DEBUG;
				SWIFT_OPTIMIZATION_LEVEL = "-Onone";
			};
			name = Debug;
		};
		37880F5021358E1000A81E10 /* Release */ = {
			isa = XCBuildConfiguration;
			buildSettings = {
				ALWAYS_SEARCH_USER_PATHS = NO;
				CLANG_ANALYZER_NONNULL = YES;
				CLANG_ANALYZER_NUMBER_OBJECT_CONVERSION = YES_AGGRESSIVE;
				CLANG_CXX_LANGUAGE_STANDARD = "gnu++14";
				CLANG_CXX_LIBRARY = "libc++";
				CLANG_ENABLE_MODULES = YES;
				CLANG_ENABLE_OBJC_ARC = YES;
				CLANG_ENABLE_OBJC_WEAK = YES;
				CLANG_WARN_BLOCK_CAPTURE_AUTORELEASING = YES;
				CLANG_WARN_BOOL_CONVERSION = YES;
				CLANG_WARN_COMMA = YES;
				CLANG_WARN_CONSTANT_CONVERSION = YES;
				CLANG_WARN_DEPRECATED_OBJC_IMPLEMENTATIONS = YES;
				CLANG_WARN_DIRECT_OBJC_ISA_USAGE = YES_ERROR;
				CLANG_WARN_DOCUMENTATION_COMMENTS = YES;
				CLANG_WARN_EMPTY_BODY = YES;
				CLANG_WARN_ENUM_CONVERSION = YES;
				CLANG_WARN_INFINITE_RECURSION = YES;
				CLANG_WARN_INT_CONVERSION = YES;
				CLANG_WARN_NON_LITERAL_NULL_CONVERSION = YES;
				CLANG_WARN_OBJC_IMPLICIT_RETAIN_SELF = YES;
				CLANG_WARN_OBJC_LITERAL_CONVERSION = YES;
				CLANG_WARN_OBJC_ROOT_CLASS = YES_ERROR;
				CLANG_WARN_RANGE_LOOP_ANALYSIS = YES;
				CLANG_WARN_STRICT_PROTOTYPES = YES;
				CLANG_WARN_SUSPICIOUS_MOVE = YES;
				CLANG_WARN_UNGUARDED_AVAILABILITY = YES_AGGRESSIVE;
				CLANG_WARN_UNREACHABLE_CODE = YES;
				CLANG_WARN__DUPLICATE_METHOD_MATCH = YES;
				CODE_SIGN_IDENTITY = "iPhone Developer";
				COPY_PHASE_STRIP = NO;
				DEBUG_INFORMATION_FORMAT = "dwarf-with-dsym";
				ENABLE_NS_ASSERTIONS = NO;
				ENABLE_STRICT_OBJC_MSGSEND = YES;
				GCC_C_LANGUAGE_STANDARD = gnu11;
				GCC_NO_COMMON_BLOCKS = YES;
				GCC_WARN_64_TO_32_BIT_CONVERSION = YES;
				GCC_WARN_ABOUT_RETURN_TYPE = YES_ERROR;
				GCC_WARN_UNDECLARED_SELECTOR = YES;
				GCC_WARN_UNINITIALIZED_AUTOS = YES_AGGRESSIVE;
				GCC_WARN_UNUSED_FUNCTION = YES;
				GCC_WARN_UNUSED_VARIABLE = YES;
				IPHONEOS_DEPLOYMENT_TARGET = 11.4;
				MTL_ENABLE_DEBUG_INFO = NO;
				SDKROOT = iphoneos;
				SWIFT_COMPILATION_MODE = wholemodule;
				SWIFT_OPTIMIZATION_LEVEL = "-O";
				VALIDATE_PRODUCT = YES;
			};
			name = Release;
		};
		37880F5221358E1000A81E10 /* Debug */ = {
			isa = XCBuildConfiguration;
			buildSettings = {
				ASSETCATALOG_COMPILER_APPICON_NAME = AppIcon;
				CODE_SIGN_STYLE = Automatic;
				DEVELOPMENT_TEAM = N55A3MSD3W;
				INFOPLIST_FILE = "tone generator/Info.plist";
				LD_RUNPATH_SEARCH_PATHS = (
					"$(inherited)",
					"@executable_path/Frameworks",
				);
				PRODUCT_BUNDLE_IDENTIFIER = "yoshua-elmaryono.tone-generator";
				PRODUCT_NAME = "$(TARGET_NAME)";
				SWIFT_VERSION = 4.0;
				TARGETED_DEVICE_FAMILY = "1,2";
			};
			name = Debug;
		};
		37880F5321358E1000A81E10 /* Release */ = {
			isa = XCBuildConfiguration;
			buildSettings = {
				ASSETCATALOG_COMPILER_APPICON_NAME = AppIcon;
				CODE_SIGN_STYLE = Automatic;
				DEVELOPMENT_TEAM = N55A3MSD3W;
				INFOPLIST_FILE = "tone generator/Info.plist";
				LD_RUNPATH_SEARCH_PATHS = (
					"$(inherited)",
					"@executable_path/Frameworks",
				);
				PRODUCT_BUNDLE_IDENTIFIER = "yoshua-elmaryono.tone-generator";
				PRODUCT_NAME = "$(TARGET_NAME)";
				SWIFT_VERSION = 4.0;
				TARGETED_DEVICE_FAMILY = "1,2";
			};
			name = Release;
		};
		37880F5521358E1000A81E10 /* Debug */ = {
			isa = XCBuildConfiguration;
			buildSettings = {
				ALWAYS_EMBED_SWIFT_STANDARD_LIBRARIES = YES;
				BUNDLE_LOADER = "$(TEST_HOST)";
				CODE_SIGN_STYLE = Automatic;
				DEVELOPMENT_TEAM = N55A3MSD3W;
				INFOPLIST_FILE = "tone generatorTests/Info.plist";
				LD_RUNPATH_SEARCH_PATHS = (
					"$(inherited)",
					"@executable_path/Frameworks",
					"@loader_path/Frameworks",
				);
				PRODUCT_BUNDLE_IDENTIFIER = "yoshua-elmaryono.tone-generatorTests";
				PRODUCT_NAME = "$(TARGET_NAME)";
				SWIFT_VERSION = 4.0;
				TARGETED_DEVICE_FAMILY = "1,2";
				TEST_HOST = "$(BUILT_PRODUCTS_DIR)/tone generator.app/tone generator";
			};
			name = Debug;
		};
		37880F5621358E1000A81E10 /* Release */ = {
			isa = XCBuildConfiguration;
			buildSettings = {
				ALWAYS_EMBED_SWIFT_STANDARD_LIBRARIES = YES;
				BUNDLE_LOADER = "$(TEST_HOST)";
				CODE_SIGN_STYLE = Automatic;
				DEVELOPMENT_TEAM = N55A3MSD3W;
				INFOPLIST_FILE = "tone generatorTests/Info.plist";
				LD_RUNPATH_SEARCH_PATHS = (
					"$(inherited)",
					"@executable_path/Frameworks",
					"@loader_path/Frameworks",
				);
				PRODUCT_BUNDLE_IDENTIFIER = "yoshua-elmaryono.tone-generatorTests";
				PRODUCT_NAME = "$(TARGET_NAME)";
				SWIFT_VERSION = 4.0;
				TARGETED_DEVICE_FAMILY = "1,2";
				TEST_HOST = "$(BUILT_PRODUCTS_DIR)/tone generator.app/tone generator";
			};
			name = Release;
		};
/* End XCBuildConfiguration section */

/* Begin XCConfigurationList section */
		37880F2F21358E0E00A81E10 /* Build configuration list for PBXProject "tone generator" */ = {
			isa = XCConfigurationList;
			buildConfigurations = (
				37880F4F21358E1000A81E10 /* Debug */,
				37880F5021358E1000A81E10 /* Release */,
			);
			defaultConfigurationIsVisible = 0;
			defaultConfigurationName = Release;
		};
		37880F5121358E1000A81E10 /* Build configuration list for PBXNativeTarget "tone generator" */ = {
			isa = XCConfigurationList;
			buildConfigurations = (
				37880F5221358E1000A81E10 /* Debug */,
				37880F5321358E1000A81E10 /* Release */,
			);
			defaultConfigurationIsVisible = 0;
			defaultConfigurationName = Release;
		};
		37880F5421358E1000A81E10 /* Build configuration list for PBXNativeTarget "tone generatorTests" */ = {
			isa = XCConfigurationList;
			buildConfigurations = (
				37880F5521358E1000A81E10 /* Debug */,
				37880F5621358E1000A81E10 /* Release */,
			);
			defaultConfigurationIsVisible = 0;
			defaultConfigurationName = Release;
		};
/* End XCConfigurationList section */
	};
	rootObject = 37880F2C21358E0E00A81E10 /* Project object */;
}
